
Microsoft Visual Studio Solution File, Format Version 12.00
# Visual Studio 15
VisualStudioVersion = 15.0.28307.779
MinimumVisualStudioVersion = 10.0.40219.1
Project("{8BC9CEB8-8B4A-11D0-8D11-00A0C91BC942}") = "crawler", "crawler\crawler.vcxproj", "{BAA7CE6E-86F1-48DB-9456-2D9E54CEEFD6}"
	ProjectSection(ProjectDependencies) = postProject
		{6E86C84F-3648-4107-A920-CDB20536EC89} = {6E86C84F-3648-4107-A920-CDB20536EC89}
	EndProjectSection
EndProject
Project("{8BC9CEB8-8B4A-11D0-8D11-00A0C91BC942}") = "common", "common\common.vcxproj", "{6E86C84F-3648-4107-A920-CDB20536EC89}"
EndProject
Project("{8BC9CEB8-8B4A-11D0-8D11-00A0C91BC942}") = "crawler-client", "crawler-client\crawler-client.vcxproj", "{2141051F-E3AD-4719-9DEE-01C008BCD308}"
	ProjectSection(ProjectDependencies) = postProject
		{6E86C84F-3648-4107-A920-CDB20536EC89} = {6E86C84F-3648-4107-A920-CDB20536EC89}
	EndProjectSection
EndProject
Project("{8BC9CEB8-8B4A-11D0-8D11-00A0C91BC942}") = "test", "test\test.vcxproj", "{D6DCBBC2-AA0B-4E08-A20D-D4B58F3C803D}"
	ProjectSection(ProjectDependencies) = postProject
		{6E86C84F-3648-4107-A920-CDB20536EC89} = {6E86C84F-3648-4107-A920-CDB20536EC89}
	EndProjectSection
EndProject
Global
	GlobalSection(SolutionConfigurationPlatforms) = preSolution
		Debug|x64 = Debug|x64
		Debug|x86 = Debug|x86
		Release|x64 = Release|x64
		Release|x86 = Release|x86
	EndGlobalSection
	GlobalSection(ProjectConfigurationPlatforms) = postSolution
		{BAA7CE6E-86F1-48DB-9456-2D9E54CEEFD6}.Debug|x64.ActiveCfg = Debug|x64
		{BAA7CE6E-86F1-48DB-9456-2D9E54CEEFD6}.Debug|x64.Build.0 = Debug|x64
		{BAA7CE6E-86F1-48DB-9456-2D9E54CEEFD6}.Debug|x86.ActiveCfg = Debug|Win32
		{BAA7CE6E-86F1-48DB-9456-2D9E54CEEFD6}.Debug|x86.Build.0 = Debug|Win32
		{BAA7CE6E-86F1-48DB-9456-2D9E54CEEFD6}.Release|x64.ActiveCfg = Release|x64
		{BAA7CE6E-86F1-48DB-9456-2D9E54CEEFD6}.Release|x64.Build.0 = Release|x64
		{BAA7CE6E-86F1-48DB-9456-2D9E54CEEFD6}.Release|x86.ActiveCfg = Release|Win32
		{BAA7CE6E-86F1-48DB-9456-2D9E54CEEFD6}.Release|x86.Build.0 = Release|Win32
		{6E86C84F-3648-4107-A920-CDB20536EC89}.Debug|x64.ActiveCfg = Debug|x64
		{6E86C84F-3648-4107-A920-CDB20536EC89}.Debug|x64.Build.0 = Debug|x64
		{6E86C84F-3648-4107-A920-CDB20536EC89}.Debug|x86.ActiveCfg = Debug|Win32
		{6E86C84F-3648-4107-A920-CDB20536EC89}.Debug|x86.Build.0 = Debug|Win32
		{6E86C84F-3648-4107-A920-CDB20536EC89}.Release|x64.ActiveCfg = Release|x64
		{6E86C84F-3648-4107-A920-CDB20536EC89}.Release|x64.Build.0 = Release|x64
		{6E86C84F-3648-4107-A920-CDB20536EC89}.Release|x86.ActiveCfg = Release|Win32
		{6E86C84F-3648-4107-A920-CDB20536EC89}.Release|x86.Build.0 = Release|Win32
		{2141051F-E3AD-4719-9DEE-01C008BCD308}.Debug|x64.ActiveCfg = Debug|x64
		{2141051F-E3AD-4719-9DEE-01C008BCD308}.Debug|x64.Build.0 = Debug|x64
		{2141051F-E3AD-4719-9DEE-01C008BCD308}.Debug|x86.ActiveCfg = Debug|Win32
		{2141051F-E3AD-4719-9DEE-01C008BCD308}.Debug|x86.Build.0 = Debug|Win32
		{2141051F-E3AD-4719-9DEE-01C008BCD308}.Release|x64.ActiveCfg = Release|x64
		{2141051F-E3AD-4719-9DEE-01C008BCD308}.Release|x64.Build.0 = Release|x64
		{2141051F-E3AD-4719-9DEE-01C008BCD308}.Release|x86.ActiveCfg = Release|Win32
		{2141051F-E3AD-4719-9DEE-01C008BCD308}.Release|x86.Build.0 = Release|Win32
		{D6DCBBC2-AA0B-4E08-A20D-D4B58F3C803D}.Debug|x64.ActiveCfg = Debug|x64
		{D6DCBBC2-AA0B-4E08-A20D-D4B58F3C803D}.Debug|x64.Build.0 = Debug|x64
		{D6DCBBC2-AA0B-4E08-A20D-D4B58F3C803D}.Debug|x86.ActiveCfg = Debug|Win32
		{D6DCBBC2-AA0B-4E08-A20D-D4B58F3C803D}.Debug|x86.Build.0 = Debug|Win32
		{D6DCBBC2-AA0B-4E08-A20D-D4B58F3C803D}.Release|x64.ActiveCfg = Release|x64
		{D6DCBBC2-AA0B-4E08-A20D-D4B58F3C803D}.Release|x64.Build.0 = Release|x64
		{D6DCBBC2-AA0B-4E08-A20D-D4B58F3C803D}.Release|x86.ActiveCfg = Release|Win32
		{D6DCBBC2-AA0B-4E08-A20D-D4B58F3C803D}.Release|x86.Build.0 = Release|Win32
	EndGlobalSection
	GlobalSection(SolutionProperties) = preSolution
		HideSolutionNode = FALSE
	EndGlobalSection
	GlobalSection(ExtensibilityGlobals) = postSolution
		SolutionGuid = {A85F3AAD-5043-4F2F-A26E-EB36D2E2B82C}
	EndGlobalSection
EndGlobal
